{
  "lockfile_version": "1",
  "packages": {
    "biome@2.5.14": {
      "last_modified": "2026-09-28T04:45:22Z",
      "resolved": "github:NixOS/nixpkgs/419fe0f449b3fbe3bdd53d9840288db4509ec32e#biome",
      "source": "devbox-search",
      "version": "2.5.14",
      "systems": {
        "aarch64-darwin": {
          "outputs": [
            {
              "name": "out",
              "path": "/nix/store/74slxvjjsg1kpa1msv8npd8y40l2y53p-biome-2.5.14",
              "default": true
            }
          ],
          "store_path": "/nix/store/74slxvjjsg1kpa1msv8npd8y40l2y53p-biome-2.5.14"
        },
        "aarch64-linux": {
          "outputs": [
            {
              "name": "out",
              "path": "/nix/store/2g9393hwd5kk2zv145adyjawxy75lmk0-biome-2.5.14",
              "default": true
            }
          ],
          "store_path": "/nix/store/2g9393hwd5kk2zv145adyjawxy75lmk0-biome-2.5.14"
        },
        "x86_64-linux": {
          "outputs": [
            {
              "name": "out",
              "path": "/nix/store/q023q90mdzvilx75vysba6lkky1dqin9-biome-2.5.14",
              "default": true
            }
          ],
          "store_path": "/nix/store/q023q90mdzvilx75vysba6lkky1dqin9-biome-2.5.14"
        }
      }
    },
    "buf@1.72.0": {
      "last_modified": "2026-09-25T18:38:24Z",
      "resolved": "github:NixOS/nixpkgs/79b6d20e55596f80baa35cda2a334da8a1fbf1ea#buf",
      "source": "devbox-search",
      "version": "1.72.0",
      "systems": {
        "aarch64-darwin": {
          "outputs": [
            {
              "name": "out",
              "path": "/nix/store/4hb0kxvyaxnz8agf26vv25j7f9kg9wjw-buf-1.72.0",
              "default": true
            }
          ],
          "store_path": "/nix/store/4hb0kxvyaxnz8agf26vv25j7f9kg9wjw-buf-1.72.0"
        },
        "aarch64-linux": {
          "outputs": [
            {
              "name": "out",
              "path": "/nix/store/rnj28cal3w4g3w1n05479rqyhdq54p2g-buf-1.72.0",
              "default": true
            }
          ],
          "store_path": "/nix/store/rnj28cal3w4g3w1n05479rqyhdq54p2g-buf-1.72.0"
        },
        "x86_64-linux": {
          "outputs": [
            {
              "name": "out",
              "path": "/nix/store/0d21d3022nnzpyy58qpdfqdh16f21yz4-buf-1.72.0",
              "default": true
            }
          ],
          "store_path": "/nix/store/0d21d3022nnzpyy58qpdfqdh16f21yz4-buf-1.72.0"
        }
      }
    },
    "editorconfig-checker@4.0.2": {
      "last_modified": "2026-09-28T04:45:22Z",
      "resolved": "github:NixOS/nixpkgs/419fe0f449b3fbe3bdd53d9840288db4509ec32e#editorconfig-checker",
      "source": "devbox-search",
      "version": "4.0.2",
      "systems": {
        "aarch64-darwin": {
          "outputs": [
            {
              "name": "out",
              "path": "/nix/store/xlnnd3b6kjkvam8w5cz2dv85my3hapwq-editorconfig-checker-4.0.2",
              "default": true
            }
          ],
          "store_path": "/nix/store/xlnnd3b6kjkvam8w5cz2dv85my3hapwq-editorconfig-checker-4.0.2"
        },
        "aarch64-linux": {
          "outputs": [
            {
              "name": "out",
              "path": "/nix/store/16g0lj4ik1yaza8ay2shply8g8w2sjdv-editorconfig-checker-4.0.2",
              "default": true
            }
          ],
          "store_path": "/nix/store/16g0lj4ik1yaza8ay2shply8g8w2sjdv-editorconfig-checker-4.0.2"
        },
        "x86_64-linux": {
          "outputs": [
            {
              "name": "out",
              "path": "/nix/store/5my4yri7pphdx1p483akribmy7q10q1q-editorconfig-checker-4.0.2",
              "default": true
            }
          ],
          "store_path": "/nix/store/5my4yri7pphdx1p483akribmy7q10q1q-editorconfig-checker-4.0.2"
        }
      }
    },
    "github:NixOS/nixpkgs/nixpkgs-unstable": {
      "last_modified": "2026-09-28T13:04:38Z",
      "resolved": "github:NixOS/nixpkgs/f45c6f04c2f013f004bf94e284e95d72898d9393?lastModified=1790600678"
    },
    "go@1.27.0": {
      "last_modified": "2026-08-27T07:16:00Z",
      "resolved": "github:NixOS/nixpkgs/c27cdad491a991b11ed731760aa2ef8db0cb0410#go_1_27",
      "source": "devbox-search",
      "version": "1.27.0",
      "systems": {
        "aarch64-darwin": {
          "outputs": [
            {
              "name": "out",
              "path": "/nix/store/lz3qw52rpazqga73xgsqlj4qz1lgs4hg-go-1.27.0",
              "default": true
            }
          ],
          "store_path": "/nix/store/lz3qw52rpazqga73xgsqlj4qz1lgs4hg-go-1.27.0"
        },
        "aarch64-linux": {
          "outputs": [
            {
              "name": "out",
              "path": "/nix/store/zqjvg5805xkf6zsd8nrdvgbv58yw2phr-go-1.27.0",
              "default": true
            }
          ],
          "store_path": "/nix/store/zqjvg5805xkf6zsd8nrdvgbv58yw2phr-go-1.27.0"
        },
        "x86_64-linux": {
          "outputs": [
            {
              "name": "out",
              "path": "/nix/store/fibbp1k5gcpaxcin4dzk70yd056rfjhg-go-1.27.0",
              "default": true
            }
          ],
          "store_path": "/nix/store/fibbp1k5gcpaxcin4dzk70yd056rfjhg-go-1.27.0"
        }
      }
    },
    "golangci-lint@2.13.1": {
      "last_modified": "2026-08-27T07:16:00Z",
      "resolved": "github:NixOS/nixpkgs/c27cdad491a991b11ed731760aa2ef8db0cb0410#golangci-lint",
      "source": "devbox-search",
      "version": "2.13.1",
      "systems": {
        "aarch64-darwin": {
          "outputs": [
            {
              "name": "out",
              "path": "/nix/store/vyl94dsc8a2vfpx0h9hs3ls3w9hfcyfa-golangci-lint-2.13.1",
              "default": true
            }
          ],
          "store_path": "/nix/store/vyl94dsc8a2vfpx0h9hs3ls3w9hfcyfa-golangci-lint-2.13.1"
        },
        "aarch64-linux": {
          "outputs": [
            {
              "name": "out",
              "path": "/nix/store/zg1nnbiiaiq65v0h4b22hqlqpqa8ja0j-golangci-lint-2.13.1",
              "default": true
            }
          ],
          "store_path": "/nix/store/zg1nnbiiaiq65v0h4b22hqlqpqa8ja0j-golangci-lint-2.13.1"
        },
        "x86_64-linux": {
          "outputs": [
            {
              "name": "out",
              "path": "/nix/store/sqm80s7p5kx9j4ia19rw3jy41ajx1v73-golangci-lint-2.13.1",
              "default": true
            }
          ],
          "store_path": "/nix/store/sqm80s7p5kx9j4ia19rw3jy41ajx1v73-golangci-lint-2.13.1"
        }
      }
    },
    "gopls@0.23.0": {
      "last_modified": "2026-09-28T13:04:38Z",
      "resolved": "github:NixOS/nixpkgs/f45c6f04c2f013f004bf94e284e95d72898d9393#gopls",
      "source": "devbox-search",
      "version": "0.23.0",
      "systems": {
        "aarch64-darwin": {
          "outputs": [
            {
              "name": "out",
              "path": "/nix/store/p5lfq306nsm8c9x42gs9nkgzrkkcc8f8-gopls-0.23.0",
              "default": true
            }
          ],
          "store_path": "/nix/store/p5lfq306nsm8c9x42gs9nkgzrkkcc8f8-gopls-0.23.0"
        },
        "aarch64-linux": {
          "outputs": [
            {
              "name": "out",
              "path": "/nix/store/hc1fqlx6cbqvdl3vwxc6jbhxb94r3xfw-gopls-0.23.0",
              "default": true
            }
          ],
          "store_path": "/nix/store/hc1fqlx6cbqvdl3vwxc6jbhxb94r3xfw-gopls-0.23.0"
        },
        "x86_64-linux": {
          "outputs": [
            {
              "name": "out",
              "path": "/nix/store/a8362xqnzxwhdpbdhfq6q5s1afh7xxyw-gopls-0.23.0",
              "default": true
            }
          ],
          "store_path": "/nix/store/a8362xqnzxwhdpbdhfq6q5s1afh7xxyw-gopls-0.23.0"
        }
      }
    },
    "goreleaser@2.17.1": {
      "last_modified": "2026-09-28T13:04:38Z",
      "resolved": "github:NixOS/nixpkgs/f45c6f04c2f013f004bf94e284e95d72898d9393#goreleaser",
      "source": "devbox-search",
      "version": "2.17.1",
      "systems": {
        "aarch64-darwin": {
          "outputs": [
            {
              "name": "out",
              "path": "/nix/store/3wk2zbrm0rx30gxpgcdxsdg0va8m78z8-goreleaser-2.17.1",
              "default": true
            }
          ],
          "store_path": "/nix/store/3wk2zbrm0rx30gxpgcdxsdg0va8m78z8-goreleaser-2.17.1"
        },
        "aarch64-linux": {
          "outputs": [
            {
              "name": "out",
              "path": "/nix/store/l2fq8kijlnbli4681qj30bmf83s4j6k7-goreleaser-2.17.1",
              "default": true
            }
          ],
          "store_path": "/nix/store/l2fq8kijlnbli4681qj30bmf83s4j6k7-goreleaser-2.17.1"
        },
        "x86_64-linux": {
          "outputs": [
            {
              "name": "out",
              "path": "/nix/store/71mmcscgcrxc7m0c2k2w2w6fmq750w3g-goreleaser-2.17.1",
              "default": true
            }
          ],
          "store_path": "/nix/store/71mmcscgcrxc7m0c2k2w2w6fmq750w3g-goreleaser-2.17.1"
        }
      }
    },
    "govulncheck@1.7.0": {
      "last_modified": "2026-09-09T19:38:03Z",
      "resolved": "github:NixOS/nixpkgs/5052d7ccbcfb7e4ae1586cb2ecf95a2e3707dce9#govulncheck",
      "source": "devbox-search",
      "version": "1.7.0",
      "systems": {
        "aarch64-darwin": {
          "outputs": [
            {
              "name": "out",
              "path": "/nix/store/zgblryrsf4vlmbzj04pl3ngwdsn2z6h7-govulncheck-1.7.0",
              "default": true
            }
          ],
          "store_path": "/nix/store/zgblryrsf4vlmbzj04pl3ngwdsn2z6h7-govulncheck-1.7.0"
        },
        "aarch64-linux": {
          "outputs": [
            {
              "name": "out",
              "path": "/nix/store/bg71fp9wcg8d956rfnrn398nrwcagmk4-govulncheck-1.7.0",
              "default": true
            }
          ],
          "store_path": "/nix/store/bg71fp9wcg8d956rfnrn398nrwcagmk4-govulncheck-1.7.0"
        },
        "x86_64-linux": {
          "outputs": [
            {
              "name": "out",
              "path": "/nix/store/zhxphpb7hydfq73p0zkdz7sxi202sdmv-govulncheck-1.7.0",
              "default": true
            }
          ],
          "store_path": "/nix/store/zhxphpb7hydfq73p0zkdz7sxi202sdmv-govulncheck-1.7.0"
        }
      }
    },
    "gradle@8.14.4": {
      "last_modified": "2026-09-28T13:04:38Z",
      "plugin_version": "0.0.1",
      "resolved": "github:NixOS/nixpkgs/f45c6f04c2f013f004bf94e284e95d72898d9393#gradle",
      "source": "devbox-search",
      "version": "8.14.4",
      "systems": {
        "aarch64-darwin": {
          "outputs": [
            {
              "name": "out",
              "path": "/nix/store/xfwxks81pxawsngdyna3xf10l88qzvf0-gradle-8.14.4",
              "default": true
            }
          ],
          "store_path": "/nix/store/xfwxks81pxawsngdyna3xf10l88qzvf0-gradle-8.14.4"
        },
        "aarch64-linux": {
          "outputs": [
            {
              "name": "out",
              "path": "/nix/store/9p1kgyijhvcwqa628z05vlfbi1lnpcrk-gradle-8.14.4",
              "default": true
            }
          ],
          "store_path": "/nix/store/9p1kgyijhvcwqa628z05vlfbi1lnpcrk-gradle-8.14.4"
        },
        "x86_64-darwin": {
          "outputs": [
            {
              "name": "out",
              "path": "/nix/store/kwdxjl8kvwya1j2skd7zzyjk3wx1lr2n-gradle-8.14.4",
              "default": true
            }
          ],
          "store_path": "/nix/store/kwdxjl8kvwya1j2skd7zzyjk3wx1lr2n-gradle-8.14.4"
        },
        "x86_64-linux": {
          "outputs": [
            {
              "name": "out",
              "path": "/nix/store/qzali1nv3w0qll442ccf5i2hzfzzhhh4-gradle-8.14.4",
              "default": true
            }
          ],
          "store_path": "/nix/store/qzali1nv3w0qll442ccf5i2hzfzzhhh4-gradle-8.14.4"
        }
      }
    },
    "just-lsp@0.6.2": {
      "last_modified": "2026-08-27T07:16:00Z",
      "resolved": "github:NixOS/nixpkgs/c27cdad491a991b11ed731760aa2ef8db0cb0410#just-lsp",
      "source": "devbox-search",
      "version": "0.6.2",
      "systems": {
        "aarch64-darwin": {
          "outputs": [
            {
              "name": "out",
              "path": "/nix/store/r7c1mv8mjm65fdn48sdm3f6wmrwmf5l6-just-lsp-0.6.2",
              "default": true
            }
          ],
          "store_path": "/nix/store/r7c1mv8mjm65fdn48sdm3f6wmrwmf5l6-just-lsp-0.6.2"
        },
        "aarch64-linux": {
          "outputs": [
            {
              "name": "out",
              "path": "/nix/store/rfxfvbygljg67nacgynjrgkr5wzmj27d-just-lsp-0.6.2",
              "default": true
            }
          ],
          "store_path": "/nix/store/rfxfvbygljg67nacgynjrgkr5wzmj27d-just-lsp-0.6.2"
        },
        "x86_64-linux": {
          "outputs": [
            {
              "name": "out",
              "path": "/nix/store/8wxajvj3jlyl5f2xb81ynwz88w8kcamf-just-lsp-0.6.2",
              "default": true
            }
          ],
          "store_path": "/nix/store/8wxajvj3jlyl5f2xb81ynwz88w8kcamf-just-lsp-0.6.2"
        }
      }
    },
    "just@1.58.0": {
      "last_modified": "2026-09-28T13:04:38Z",
      "resolved": "github:NixOS/nixpkgs/f45c6f04c2f013f004bf94e284e95d72898d9393#just",
      "source": "devbox-search",
      "version": "1.58.0",
      "systems": {
        "aarch64-darwin": {
          "outputs": [
            {
              "name": "out",
              "path": "/nix/store/kcyk3qjxrxbqv110yz408277m1i55faf-just-1.58.0",
              "default": true
            },
            {
              "name": "man",
              "path": "/nix/store/s8abw9ifkmxk79z8zpn6zm9zrpbmh9zb-just-1.58.0-man",
              "default": true
            },
            {
              "name": "doc",
              "path": "/nix/store/wfs31mbwslvi17fxswf81x0a83qcmnyq-just-1.58.0-doc"
            }
          ],
          "store_path": "/nix/store/kcyk3qjxrxbqv110yz408277m1i55faf-just-1.58.0"
        },
        "aarch64-linux": {
          "outputs": [
            {
              "name": "out",
              "path": "/nix/store/2wdl8204rm1sgd31hxf24ykgw0jhrfnd-just-1.58.0",
              "default": true
            },
            {
              "name": "man",
              "path": "/nix/store/abh0yba8y6lk945hg6b0lq5g6vgai225-just-1.58.0-man",
              "default": true
            },
            {
              "name": "doc",
              "path": "/nix/store/pvgg8yxzhgld6kmy58bd4qxyihc87w1r-just-1.58.0-doc"
            }
          ],
          "store_path": "/nix/store/2wdl8204rm1sgd31hxf24ykgw0jhrfnd-just-1.58.0"
        },
        "x86_64-linux": {
          "outputs": [
            {
              "name": "out",
              "path": "/nix/store/nvydswi7ickfaim3l29afrm2238fjzlv-just-1.58.0",
              "default": true
            },
            {
              "name": "man",
              "path": "/nix/store/ihi5s36gfidvbf6wrymh0z6qjb69bvhx-just-1.58.0-man",
              "default": true
            },
            {
              "name": "doc",
              "path": "/nix/store/3kkygdf8x15png0ghk45r2g8px981zrd-just-1.58.0-doc"
            }
          ],
          "store_path": "/nix/store/nvydswi7ickfaim3l29afrm2238fjzlv-just-1.58.0"
        }
      }
    },
    "kind@0.32.0": {
      "last_modified": "2026-09-28T13:04:38Z",
      "resolved": "github:NixOS/nixpkgs/f45c6f04c2f013f004bf94e284e95d72898d9393#kind",
      "source": "devbox-search",
      "version": "0.32.0",
      "systems": {
        "aarch64-darwin": {
          "outputs": [
            {
              "name": "out",
              "path": "/nix/store/nj6z9mr4np887y8066wcrms6a2x2hz3v-kind-0.32.0",
              "default": true
            }
          ],
          "store_path": "/nix/store/nj6z9mr4np887y8066wcrms6a2x2hz3v-kind-0.32.0"
        },
        "aarch64-linux": {
          "outputs": [
            {
              "name": "out",
              "path": "/nix/store/xi4x0w04xr4zrd4fc4zfnf5c1dzbycr9-kind-0.32.0",
              "default": true
            }
          ],
          "store_path": "/nix/store/xi4x0w04xr4zrd4fc4zfnf5c1dzbycr9-kind-0.32.0"
        },
        "x86_64-linux": {
          "outputs": [
            {
              "name": "out",
              "path": "/nix/store/nv30xwfiv6cb30kjc8wkk1ps7rwmhgp4-kind-0.32.0",
              "default": true
            }
          ],
          "store_path": "/nix/store/nv30xwfiv6cb30kjc8wkk1ps7rwmhgp4-kind-0.32.0"
        }
      }
    },
    "ko@0.19.1": {
      "last_modified": "2026-09-28T13:04:38Z",
      "resolved": "github:NixOS/nixpkgs/f45c6f04c2f013f004bf94e284e95d72898d9393#ko",
      "source": "devbox-search",
      "version": "0.19.1",
      "systems": {
        "aarch64-darwin": {
          "outputs": [
            {
              "name": "out",
              "path": "/nix/store/aa9faksxqw5fyvj4s3dx0258s4lxxf7x-ko-0.19.1",
              "default": true
            }
          ],
          "store_path": "/nix/store/aa9faksxqw5fyvj4s3dx0258s4lxxf7x-ko-0.19.1"
        },
        "aarch64-linux": {
          "outputs": [
            {
              "name": "out",
              "path": "/nix/store/wpfis7dql1m9j2n52s4d8sfqabrp1q0y-ko-0.19.1",
              "default": true
            }
          ],
          "store_path": "/nix/store/wpfis7dql1m9j2n52s4d8sfqabrp1q0y-ko-0.19.1"
        },
        "x86_64-darwin": {
          "outputs": [
            {
              "name": "out",
              "path": "/nix/store/1f5j1chicqia1cz9ycgjbd25pbmc61as-ko-0.19.1",
              "default": true
            }
          ],
          "store_path": "/nix/store/1f5j1chicqia1cz9ycgjbd25pbmc61as-ko-0.19.1"
        },
        "x86_64-linux": {
          "outputs": [
            {
              "name": "out",
              "path": "/nix/store/h9px403mg91x0dlxgyd4pjdfa7rmggp1-ko-0.19.1",
              "default": true
            }
          ],
          "store_path": "/nix/store/h9px403mg91x0dlxgyd4pjdfa7rmggp1-ko-0.19.1"
        }
      }
    },
    "kubeconform@0.8.0": {
      "last_modified": "2026-09-28T13:04:38Z",
      "resolved": "github:NixOS/nixpkgs/f45c6f04c2f013f004bf94e284e95d72898d9393#kubeconform",
      "source": "devbox-search",
      "version": "0.8.0",
      "systems": {
        "aarch64-darwin": {
          "outputs": [
            {
              "name": "out",
              "path": "/nix/store/8jfiyc86mcanjamcc4vc0dp9b955h50r-kubeconform-0.8.0",
              "default": true
            }
          ],
          "store_path": "/nix/store/8jfiyc86mcanjamcc4vc0dp9b955h50r-kubeconform-0.8.0"
        },
        "aarch64-linux": {
          "outputs": [
            {
              "name": "out",
              "path": "/nix/store/r46khl1994bpwb2bw60sl8fjv3464d3s-kubeconform-0.8.0",
              "default": true
            }
          ],
          "store_path": "/nix/store/r46khl1994bpwb2bw60sl8fjv3464d3s-kubeconform-0.8.0"
        },
        "x86_64-linux": {
          "outputs": [
            {
              "name": "out",
              "path": "/nix/store/282i82xf3k1bazh59h04mppmaz2bm4rj-kubeconform-0.8.0",
              "default": true
            }
          ],
          "store_path": "/nix/store/282i82xf3k1bazh59h04mppmaz2bm4rj-kubeconform-0.8.0"
        }
      }
    },
    "kubectl@1.36.3": {
      "last_modified": "2026-08-27T07:16:00Z",
      "resolved": "github:NixOS/nixpkgs/c27cdad491a991b11ed731760aa2ef8db0cb0410#kubectl",
      "source": "devbox-search",
      "version": "1.36.3",
      "systems": {
        "aarch64-darwin": {
          "outputs": [
            {
              "name": "out",
              "path": "/nix/store/4ly3f60sf2y8lx4ad4nlv4d4xzm49cai-kubectl-1.36.3",
              "default": true
            },
            {
              "name": "man",
              "path": "/nix/store/j4lcjil024kv6xli1y03whn4rv1x1ifv-kubectl-1.36.3-man",
              "default": true
            },
            {
              "name": "convert",
              "path": "/nix/store/rq7cbnikbk7khmqczsglknfhfgykwkbf-kubectl-1.36.3-convert"
            }
          ],
          "store_path": "/nix/store/4ly3f60sf2y8lx4ad4nlv4d4xzm49cai-kubectl-1.36.3"
        },
        "aarch64-linux": {
          "outputs": [
            {
              "name": "out",
              "path": "/nix/store/pxr2n9hcw5r5c9pbyqhangbwvc3yv8yw-kubectl-1.36.3",
              "default": true
            },
            {
              "name": "man",
              "path": "/nix/store/n9ya3i139xw7jcb3x44b1lmwswilfwxk-kubectl-1.36.3-man",
              "default": true
            },
            {
              "name": "convert",
              "path": "/nix/store/6xj3wx8zkh4nj0dfg14v6cmbpaxqrzz7-kubectl-1.36.3-convert"
            }
          ],
          "store_path": "/nix/store/pxr2n9hcw5r5c9pbyqhangbwvc3yv8yw-kubectl-1.36.3"
        },
        "x86_64-linux": {
          "outputs": [
            {
              "name": "out",
              "path": "/nix/store/s28gqkd497rb4bvm56w72jyarqgmhlzz-kubectl-1.36.3",
              "default": true
            },
            {
              "name": "man",
              "path": "/nix/store/kxhnlzm663cpz4pbd7wkq4n73578ak4z-kubectl-1.36.3-man",
              "default": true
            },
            {
              "name": "convert",
              "path": "/nix/store/szx0vjljdh6rp8nxwdnpkz7g4fvvnk9h-kubectl-1.36.3-convert"
            }
          ],
          "store_path": "/nix/store/s28gqkd497rb4bvm56w72jyarqgmhlzz-kubectl-1.36.3"
        }
      }
    },
    "kubernetes-helm@4.2.4": {
      "last_modified": "2026-09-13T01:58:51Z",
      "resolved": "github:NixOS/nixpkgs/02f5696b0e6097e589076d886b317b83ff0437d7#kubernetes-helm",
      "source": "devbox-search",
      "version": "4.2.4",
      "systems": {
        "aarch64-darwin": {
          "outputs": [
            {
              "name": "out",
              "path": "/nix/store/iliy66ljfwgsqlwhsiw4mv17q5zarxsm-kubernetes-helm-4.2.4",
              "default": true
            }
          ],
          "store_path": "/nix/store/iliy66ljfwgsqlwhsiw4mv17q5zarxsm-kubernetes-helm-4.2.4"
        },
        "aarch64-linux": {
          "outputs": [
            {
              "name": "out",
              "path": "/nix/store/6lhz67pghv20aihdb0g4ma498f4w0fg2-kubernetes-helm-4.2.4",
              "default": true
            }
          ],
          "store_path": "/nix/store/6lhz67pghv20aihdb0g4ma498f4w0fg2-kubernetes-helm-4.2.4"
        },
        "x86_64-linux": {
          "outputs": [
            {
              "name": "out",
              "path": "/nix/store/69m712ydd319xm8bg7s744wqfca27fqj-kubernetes-helm-4.2.4",
              "default": true
            }
          ],
          "store_path": "/nix/store/69m712ydd319xm8bg7s744wqfca27fqj-kubernetes-helm-4.2.4"
        }
      }
    },
    "lefthook@2.1.10": {
      "last_modified": "2026-08-27T07:16:00Z",
      "resolved": "github:NixOS/nixpkgs/c27cdad491a991b11ed731760aa2ef8db0cb0410#lefthook",
      "source": "devbox-search",
      "version": "2.1.10",
      "systems": {
        "aarch64-darwin": {
          "outputs": [
            {
              "name": "out",
              "path": "/nix/store/p9qmpwmv4r8igpgclxv9c3w37pnf4bpw-lefthook-2.1.10",
              "default": true
            }
          ],
          "store_path": "/nix/store/p9qmpwmv4r8igpgclxv9c3w37pnf4bpw-lefthook-2.1.10"
        },
        "aarch64-linux": {
          "outputs": [
            {
              "name": "out",
              "path": "/nix/store/hs4asvnkssmqgryq0hzg8prw2i5216ix-lefthook-2.1.10",
              "default": true
            }
          ],
          "store_path": "/nix/store/hs4asvnkssmqgryq0hzg8prw2i5216ix-lefthook-2.1.10"
        },
        "x86_64-linux": {
          "outputs": [
            {
              "name": "out",
              "path": "/nix/store/yvngyq9r8vj9jb0rwvx74bdqy3gc7kqy-lefthook-2.1.10",
              "default": true
            }
          ],
          "store_path": "/nix/store/yvngyq9r8vj9jb0rwvx74bdqy3gc7kqy-lefthook-2.1.10"
        }
      }
    },
    "nodejs@26": {
      "last_modified": "2026-09-28T13:04:38Z",
      "resolved": "github:NixOS/nixpkgs/f45c6f04c2f013f004bf94e284e95d72898d9393#nodejs_26",
      "source": "devbox-search",
      "version": "26.10.0",
      "systems": {
        "aarch64-darwin": {
          "outputs": [
            {
              "name": "out",
              "path": "/nix/store/xs1l2nzllqp7imnhpd2n6cm0m70yzp10-nodejs-26.10.0",
              "default": true
            }
          ],
          "store_path": "/nix/store/xs1l2nzllqp7imnhpd2n6cm0m70yzp10-nodejs-26.10.0"
        },
        "aarch64-linux": {
          "outputs": [
            {
              "name": "out",
              "path": "/nix/store/is5cipy5r2l69z98ikz5wrglbxq761hj-nodejs-26.10.0",
              "default": true
            }
          ],
          "store_path": "/nix/store/is5cipy5r2l69z98ikz5wrglbxq761hj-nodejs-26.10.0"
        },
        "x86_64-linux": {
          "outputs": [
            {
              "name": "out",
              "path": "/nix/store/x9iqbiwqaw81lvkpirikqm13cp6whn9s-nodejs-26.10.0",
              "default": true
            }
          ],
          "store_path": "/nix/store/x9iqbiwqaw81lvkpirikqm13cp6whn9s-nodejs-26.10.0"
        }
      }
    },
    "openssl@3.6.0": {
      "last_modified": "2025-12-05T06:24:47Z",
      "resolved": "github:NixOS/nixpkgs/42e29df35be6ef54091d3a3b4e97056ce0a98ce8#openssl",
      "source": "devbox-search",
      "version": "3.6.0",
      "systems": {
        "aarch64-darwin": {
          "outputs": [
            {
              "name": "bin",
              "path": "/nix/store/z9prisxci5h5lsk3rdknd4jzq7k9q13d-openssl-3.6.0-bin",
              "default": true
            },
            {
              "name": "man",
              "path": "/nix/store/ii9mnzr3i92mgk9dkgg65739mavd0j6f-openssl-3.6.0-man",
              "default": true
            },
            {
              "name": "dev",
              "path": "/nix/store/h0qgqik0mk0wn7rmm2kk3grfi1wzly74-openssl-3.6.0-dev"
            },
            {
              "name": "doc",
              "path": "/nix/store/yx3ip21fdaaxpjn5fbir02mqnaw9cm4f-openssl-3.6.0-doc"
            },
            {
              "name": "out",
              "path": "/nix/store/3z54dgks2mz3dhwddj158sdibll8xmq5-openssl-3.6.0"
            }
          ],
          "store_path": "/nix/store/z9prisxci5h5lsk3rdknd4jzq7k9q13d-openssl-3.6.0-bin"
        },
        "aarch64-linux": {
          "outputs": [
            {
              "name": "bin",
              "path": "/nix/store/wb6q44n9kcb5acmaa4rgqsajadx1fhhl-openssl-3.6.0-bin",
              "default": true
            },
            {
              "name": "man",
              "path": "/nix/store/c9n1alb7ypzjvzd47m16fiwfczz23qs3-openssl-3.6.0-man",
              "default": true
            },
            {
              "name": "debug",
              "path": "/nix/store/ci6d4k1sj4bnr892lsrqqmjiihqsk0bl-openssl-3.6.0-debug"
            },
            {
              "name": "dev",
              "path": "/nix/store/pq8b7fb3282g68pmk14mbyi20qn6chid-openssl-3.6.0-dev"
            },
            {
              "name": "doc",
              "path": "/nix/store/vaplp6w56dyz38986bgkf0pbg3r486b2-openssl-3.6.0-doc"
            },
            {
              "name": "out",
              "path": "/nix/store/nj50gkyx813dxvfmsg1q8m330hmf3h86-openssl-3.6.0"
            }
          ],
          "store_path": "/nix/store/wb6q44n9kcb5acmaa4rgqsajadx1fhhl-openssl-3.6.0-bin"
        },
        "x86_64-darwin": {
          "outputs": [
            {
              "name": "bin",
              "path": "/nix/store/m3xwn9n0jypwjgi256idfzs979g30j29-openssl-3.6.0-bin",
              "default": true
            },
            {
              "name": "man",
              "path": "/nix/store/hw43f3y1vl7ydrd4samnwnrwqqwkpisv-openssl-3.6.0-man",
              "default": true
            },
            {
              "name": "dev",
              "path": "/nix/store/dirjrfjk8jgsbdpslgb51cav6qaxn2vm-openssl-3.6.0-dev"
            },
            {
              "name": "doc",
              "path": "/nix/store/va1zhkz0nfmycvd0h239hi4w40qgaxcx-openssl-3.6.0-doc"
            },
            {
              "name": "out",
              "path": "/nix/store/q9a4wssx24xsy28w8kifdqizc01fh7sc-openssl-3.6.0"
            }
          ],
          "store_path": "/nix/store/m3xwn9n0jypwjgi256idfzs979g30j29-openssl-3.6.0-bin"
        },
        "x86_64-linux": {
          "outputs": [
            {
              "name": "bin",
              "path": "/nix/store/k0gl1zc7f5hk87lylxwbipb0b870bcmk-openssl-3.6.0-bin",
              "default": true
            },
            {
              "name": "man",
              "path": "/nix/store/a9jdl6xq9fc98ykpvqmc9kf0b0j9y8wh-openssl-3.6.0-man",
              "default": true
            },
            {
              "name": "debug",
              "path": "/nix/store/sqv8kbdgfxlr2d6nysr8c2715qpsi6f5-openssl-3.6.0-debug"
            },
            {
              "name": "dev",
              "path": "/nix/store/ydrckgnllgg8nmhdwni81h7xhcpnrlhd-openssl-3.6.0-dev"
            },
            {
              "name": "doc",
              "path": "/nix/store/cgp9ig35iwicfb9spcrgyg2m5dmlcgrv-openssl-3.6.0-doc"
            },
            {
              "name": "out",
              "path": "/nix/store/61i74yjkj9p1qphfl7018ja4sdwkipx0-openssl-3.6.0"
            }
          ],
          "store_path": "/nix/store/k0gl1zc7f5hk87lylxwbipb0b870bcmk-openssl-3.6.0-bin"
        }
      }
    },
    "protoc-gen-connect-go@1.20.0": {
      "last_modified": "2026-08-27T07:16:00Z",
      "resolved": "github:NixOS/nixpkgs/c27cdad491a991b11ed731760aa2ef8db0cb0410#protoc-gen-connect-go",
      "source": "devbox-search",
      "version": "1.20.0",
      "systems": {
        "aarch64-darwin": {
          "outputs": [
            {
              "name": "out",
              "path": "/nix/store/j7fxq9slp4qgqk8bmxc51jb7prq9h1wa-protoc-gen-connect-go-1.20.0",
              "default": true
            }
          ],
          "store_path": "/nix/store/j7fxq9slp4qgqk8bmxc51jb7prq9h1wa-protoc-gen-connect-go-1.20.0"
        },
        "aarch64-linux": {
          "outputs": [
            {
              "name": "out",
              "path": "/nix/store/f47hxgj2asj9wgr1q83407bgy8x749la-protoc-gen-connect-go-1.20.0",
              "default": true
            }
          ],
          "store_path": "/nix/store/f47hxgj2asj9wgr1q83407bgy8x749la-protoc-gen-connect-go-1.20.0"
        },
        "x86_64-darwin": {
          "outputs": [
            {
              "name": "out",
              "path": "/nix/store/aviwlwf4lp1ig3047mv7552k934jzwai-protoc-gen-connect-go-1.20.0",
              "default": true
            }
          ],
          "store_path": "/nix/store/aviwlwf4lp1ig3047mv7552k934jzwai-protoc-gen-connect-go-1.20.0"
        },
        "x86_64-linux": {
          "outputs": [
            {
              "name": "out",
              "path": "/nix/store/aan18nh048mqrnv4qimfy1d45x8l9gwp-protoc-gen-connect-go-1.20.0",
              "default": true
            }
          ],
          "store_path": "/nix/store/aan18nh048mqrnv4qimfy1d45x8l9gwp-protoc-gen-connect-go-1.20.0"
        }
      }
    },
    "protoc-gen-es@2.12.0": {
      "last_modified": "2026-09-28T13:04:38Z",
      "resolved": "github:NixOS/nixpkgs/f45c6f04c2f013f004bf94e284e95d72898d9393#protoc-gen-es",
      "source": "devbox-search",
      "version": "2.12.0",
      "systems": {
        "aarch64-darwin": {
          "outputs": [
            {
              "name": "out",
              "path": "/nix/store/vwhaj6a4b1zc51wm9003p5xcjikwkb2h-protoc-gen-es-2.12.0",
              "default": true
            }
          ],
          "store_path": "/nix/store/vwhaj6a4b1zc51wm9003p5xcjikwkb2h-protoc-gen-es-2.12.0"
        },
        "aarch64-linux": {
          "outputs": [
            {
              "name": "out",
              "path": "/nix/store/ajbn8k9n545n1bdybvsf2s4h89sj01jj-protoc-gen-es-2.12.0",
              "default": true
            }
          ],
          "store_path": "/nix/store/ajbn8k9n545n1bdybvsf2s4h89sj01jj-protoc-gen-es-2.12.0"
        },
        "x86_64-darwin": {
          "outputs": [
            {
              "name": "out",
              "path": "/nix/store/jvhlp5wc4415gm5mr2zk91w3ch6c8hmz-protoc-gen-es-2.12.0",
              "default": true
            }
          ],
          "store_path": "/nix/store/jvhlp5wc4415gm5mr2zk91w3ch6c8hmz-protoc-gen-es-2.12.0"
        },
        "x86_64-linux": {
          "outputs": [
            {
              "name": "out",
              "path": "/nix/store/zd4k77b8nshbhp46pqjj5cmlnbmwqa1y-protoc-gen-es-2.12.0",
              "default": true
            }
          ],
          "store_path": "/nix/store/zd4k77b8nshbhp46pqjj5cmlnbmwqa1y-protoc-gen-es-2.12.0"
        }
      }
    },
    "protoc-gen-go@1.36.12": {
      "last_modified": "2026-09-28T13:04:38Z",
      "resolved": "github:NixOS/nixpkgs/f45c6f04c2f013f004bf94e284e95d72898d9393#protoc-gen-go",
      "source": "devbox-search",
      "version": "1.36.12",
      "systems": {
        "aarch64-darwin": {
          "outputs": [
            {
              "name": "out",
              "path": "/nix/store/lzv6f56cvmdff0bxk891zv70ya994bd7-protoc-gen-go-1.36.12",
              "default": true
            }
          ],
          "store_path": "/nix/store/lzv6f56cvmdff0bxk891zv70ya994bd7-protoc-gen-go-1.36.12"
        },
        "aarch64-linux": {
          "outputs": [
            {
              "name": "out",
              "path": "/nix/store/wgx6985lk4k1ki4g2qh7zj4ryi7hnj6g-protoc-gen-go-1.36.12",
              "default": true
            }
          ],
          "store_path": "/nix/store/wgx6985lk4k1ki4g2qh7zj4ryi7hnj6g-protoc-gen-go-1.36.12"
        },
        "x86_64-linux": {
          "outputs": [
            {
              "name": "out",
              "path": "/nix/store/0rjvhjgbyvdxlkp7rm2il7irghx3fcmc-protoc-gen-go-1.36.12",
              "default": true
            }
          ],
          "store_path": "/nix/store/0rjvhjgbyvdxlkp7rm2il7irghx3fcmc-protoc-gen-go-1.36.12"
        }
      }
    },
    "python@3.14.4": {
      "last_modified": "2026-06-27T07:37:20Z",
      "plugin_version": "0.0.5",
      "resolved": "github:NixOS/nixpkgs/3d46470bb3030020f7e1361f33514854f5bfa86d#python314",
      "source": "devbox-search",
      "version": "3.14.4",
      "systems": {
        "aarch64-darwin": {
          "outputs": [
            {
              "name": "out",
              "path": "/nix/store/bz7r3a1x3xby7ilac2ngzwr0szf3yzxc-python3-3.14.4",
              "default": true
            }
          ],
          "store_path": "/nix/store/bz7r3a1x3xby7ilac2ngzwr0szf3yzxc-python3-3.14.4"
        },
        "aarch64-linux": {
          "outputs": [
            {
              "name": "out",
              "path": "/nix/store/fj2lkfaqsccpsgwmzrv921asxzsp1iin-python3-3.14.4",
              "default": true
            },
            {
              "name": "debug",
              "path": "/nix/store/8sggbkg072yim06lsbggkiwc84z28cj9-python3-3.14.4-debug"
            }
          ],
          "store_path": "/nix/store/fj2lkfaqsccpsgwmzrv921asxzsp1iin-python3-3.14.4"
        },
        "x86_64-darwin": {
          "outputs": [
            {
              "name": "out",
              "path": "/nix/store/dz3vgh7m1dsj9c3ahn1ab6wqpnz9bbww-python3-3.14.4",
              "default": true
            }
          ],
          "store_path": "/nix/store/dz3vgh7m1dsj9c3ahn1ab6wqpnz9bbww-python3-3.14.4"
        },
        "x86_64-linux": {
          "outputs": [
            {
              "name": "out",
              "path": "/nix/store/fk8c5cqd0npblqv1mcd8swhkcbng84qr-python3-3.14.4",
              "default": true
            },
            {
              "name": "debug",
              "path": "/nix/store/y6nmlnw8360r8lma5bjnp07vl9r4l07g-python3-3.14.4-debug"
            }
          ],
          "store_path": "/nix/store/fk8c5cqd0npblqv1mcd8swhkcbng84qr-python3-3.14.4"
        }
      }
    },
    "temurin-bin@21.0.8": {
      "last_modified": "2025-10-22T20:59:19Z",
      "resolved": "github:NixOS/nixpkgs/01b6809f7f9d1183a2b3e081f0a1e6f8f415cb09#temurin-bin",
      "source": "devbox-search",
      "version": "21.0.8",
      "systems": {
        "aarch64-darwin": {
          "outputs": [
            {
              "name": "out",
              "path": "/nix/store/x39311498bh7sb2ag1fjikgv7i0ll5qb-temurin-bin-21.0.8",
              "default": true
            }
          ],
          "store_path": "/nix/store/x39311498bh7sb2ag1fjikgv7i0ll5qb-temurin-bin-21.0.8"
        },
        "aarch64-linux": {
          "outputs": [
            {
              "name": "out",
              "path": "/nix/store/3q60g6x4qf2wfvbalnyx1510n9gwbd5j-temurin-bin-21.0.8",
              "default": true
            }
          ],
          "store_path": "/nix/store/3q60g6x4qf2wfvbalnyx1510n9gwbd5j-temurin-bin-21.0.8"
        },
        "x86_64-darwin": {
          "outputs": [
            {
              "name": "out",
              "path": "/nix/store/q0y2plx55rmhyqbindyfg01xwjj45da6-temurin-bin-21.0.8",
              "default": true
            }
          ],
          "store_path": "/nix/store/q0y2plx55rmhyqbindyfg01xwjj45da6-temurin-bin-21.0.8"
        },
        "x86_64-linux": {
          "outputs": [
            {
              "name": "out",
              "path": "/nix/store/x1f6yd37mb7lfp61xh585vrfjs3cgw99-temurin-bin-21.0.8",
              "default": true
            }
          ],
          "store_path": "/nix/store/x1f6yd37mb7lfp61xh585vrfjs3cgw99-temurin-bin-21.0.8"
        }
      }
    },
    "uv@0.12.5": {
      "last_modified": "2026-08-27T07:16:00Z",
      "resolved": "github:NixOS/nixpkgs/c27cdad491a991b11ed731760aa2ef8db0cb0410#uv",
      "source": "devbox-search",
      "version": "0.12.5",
      "systems": {
        "aarch64-darwin": {
          "outputs": [
            {
              "name": "out",
              "path": "/nix/store/71zq15rr7i4avy58y89hfgf2lhp3b7la-uv-0.12.5",
              "default": true
            }
          ],
          "store_path": "/nix/store/71zq15rr7i4avy58y89hfgf2lhp3b7la-uv-0.12.5"
        },
        "aarch64-linux": {
          "outputs": [
            {
              "name": "out",
              "path": "/nix/store/s2pqw31dkyrcym72fcdn0h9myl0yy9ix-uv-0.12.5",
              "default": true
            }
          ],
          "store_path": "/nix/store/s2pqw31dkyrcym72fcdn0h9myl0yy9ix-uv-0.12.5"
        },
        "x86_64-linux": {
          "outputs": [
            {
              "name": "out",
              "path": "/nix/store/v6av5m4035ds4558ax9sh0ywwnkjnd7b-uv-0.12.5",
              "default": true
            }
          ],
          "store_path": "/nix/store/v6av5m4035ds4558ax9sh0ywwnkjnd7b-uv-0.12.5"
        }
      }
    },
    "yarn-berry@4.14.1": {
      "last_modified": "2026-09-28T13:04:38Z",
      "resolved": "github:NixOS/nixpkgs/f45c6f04c2f013f004bf94e284e95d72898d9393#yarn-berry",
      "source": "devbox-search",
      "version": "4.14.1",
      "systems": {
        "aarch64-darwin": {
          "outputs": [
            {
              "name": "out",
              "path": "/nix/store/r5096n45srshnfrw4hfnxgj8kysw1k7k-yarn-berry-4.14.1",
              "default": true
            }
          ],
          "store_path": "/nix/store/r5096n45srshnfrw4hfnxgj8kysw1k7k-yarn-berry-4.14.1"
        },
        "aarch64-linux": {
          "outputs": [
            {
              "name": "out",
              "path": "/nix/store/hpd7yzqqhjr7bcgmpvf2xjhzrm8bi80z-yarn-berry-4.14.1",
              "default": true
            }
          ],
          "store_path": "/nix/store/hpd7yzqqhjr7bcgmpvf2xjhzrm8bi80z-yarn-berry-4.14.1"
        },
        "x86_64-darwin": {
          "outputs": [
            {
              "name": "out",
              "path": "/nix/store/w9000r08px9ys3iw8a1fjbhn71j3nr2k-yarn-berry-4.14.1",
              "default": true
            }
          ],
          "store_path": "/nix/store/w9000r08px9ys3iw8a1fjbhn71j3nr2k-yarn-berry-4.14.1"
        },
        "x86_64-linux": {
          "outputs": [
            {
              "name": "out",
              "path": "/nix/store/q4hcidvwgk7v0svla1nr2rhv2ir48nd9-yarn-berry-4.14.1",
              "default": true
            }
          ],
          "store_path": "/nix/store/q4hcidvwgk7v0svla1nr2rhv2ir48nd9-yarn-berry-4.14.1"
        }
      }
    }
  }
}
